
Microsoft Visual Studio Solution File, Format Version 12.00
# Visual Studio Version 17
VisualStudioVersion = 17.7.34031.279
MinimumVisualStudioVersion = 10.0.40219.1
Project("{FAE04EC0-301F-11D3-BF4B-00C04F79EFBC}") = "WebApplication3", "WebApplication3\WebApplication3.csproj", "{DECD1DD6-EB9E-45F4-B9F6-DCF5ED905EBD}"
EndProject
Global
	GlobalSection(SolutionConfigurationPlatforms) = preSolution
		Debug|Any CPU = Debug|Any CPU
		Release|Any CPU = Release|Any CPU
	EndGlobalSection
	GlobalSection(ProjectConfigurationPlatforms) = postSolution
		{DECD1DD6-EB9E-45F4-B9F6-DCF5ED905EBD}.Debug|Any CPU.ActiveCfg = Debug|Any CPU
		{DECD1DD6-EB9E-45F4-B9F6-DCF5ED905EBD}.Debug|Any CPU.Build.0 = Debug|Any CPU
		{DECD1DD6-EB9E-45F4-B9F6-DCF5ED905EBD}.Release|Any CPU.ActiveCfg = Release|Any CPU
		{DECD1DD6-EB9E-45F4-B9F6-DCF5ED905EBD}.Release|Any CPU.Build.0 = Release|Any CPU
	EndGlobalSection
	GlobalSection(SolutionProperties) = preSolution
		HideSolutionNode = FALSE
	EndGlobalSection
	GlobalSection(ExtensibilityGlobals) = postSolution
		SolutionGuid = {508E7E12-714B-4A44-9511-012BFBF981B1}
	EndGlobalSection
EndGlobal
